
Microsoft Visual Studio Solution File, Format Version 12.00
# Visual Studio Version 17
VisualStudioVersion = 17.3.32721.290
MinimumVisualStudioVersion = 10.0.40219.1
Project("{FAE04EC0-301F-11D3-BF4B-00C04F79EFBC}") = "CityInfo.API", "CityInfo.API\CityInfo.API.csproj", "{F13E4F4A-5EC2-43E0-899E-EF73055BEC8F}"
EndProject
Global
	GlobalSection(SolutionConfigurationPlatforms) = preSolution
		Debug|Any CPU = Debug|Any CPU
		Release|Any CPU = Release|Any CPU
	EndGlobalSection
	GlobalSection(ProjectConfigurationPlatforms) = postSolution
		{F13E4F4A-5EC2-43E0-899E-EF73055BEC8F}.Debug|Any CPU.ActiveCfg = Debug|Any CPU
		{F13E4F4A-5EC2-43E0-899E-EF73055BEC8F}.Debug|Any CPU.Build.0 = Debug|Any CPU
		{F13E4F4A-5EC2-43E0-899E-EF73055BEC8F}.Release|Any CPU.ActiveCfg = Release|Any CPU
		{F13E4F4A-5EC2-43E0-899E-EF73055BEC8F}.Release|Any CPU.Build.0 = Release|Any CPU
	EndGlobalSection
	GlobalSection(SolutionProperties) = preSolution
		HideSolutionNode = FALSE
	EndGlobalSection
	GlobalSection(ExtensibilityGlobals) = postSolution
		SolutionGuid = {8758033A-7C4D-47AA-A706-DF43B501D19F}
	EndGlobalSection
EndGlobal
